# This file was autogenerated by Stack.
# You should not edit this file by hand.
# For more information, please see the documentation at:
#   https://docs.haskellstack.org/en/stable/lock_files

packages:
- completed:
    hackage: texrunner-0.0.1.2@sha256:b8486e539db92bf1442c2f0dcc8ee60b5848628601b960b1fca93ff1d1ed687f,1881
    pantry-tree:
      size: 630
      sha256: 70ef7f2435ae962226d1565a18415f21dd1ae3fc12de6eed91b41bd18428bf8a
  original:
    hackage: texrunner-0.0.1.2@sha256:b8486e539db92bf1442c2f0dcc8ee60b5848628601b960b1fca93ff1d1ed687f,1881
snapshots:
- completed:
    size: 532414
    url: https://raw.githubusercontent.com/commercialhaskell/stackage-snapshots/master/lts/16/22.yaml
    sha256: e483fb88549fc0f454c190979bf35ac91c7aceff2c0e71e7d8edd11842d772d8
  original: lts-16.22
